// !$*UTF8*$!
{
	archiveVersion = 1;
	classes = {
	};
	objectVersion = 55;
	objects = {

/* Begin PBXBuildFile section */
		396BAB9E272E9AFC0062202D /* AppDelegate.m in Sources */ = {isa = PBXBuildFile; fileRef = 396BAB9D272E9AFC0062202D /* AppDelegate.m */; };
		396BABA1272E9AFC0062202D /* SceneDelegate.m in Sources */ = {isa = PBXBuildFile; fileRef = 396BABA0272E9AFC0062202D /* SceneDelegate.m */; };
		396BABA4272E9AFC0062202D /* ViewController.m in Sources */ = {isa = PBXBuildFile; fileRef = 396BABA3272E9AFC0062202D /* ViewController.m */; };
		396BABA7272E9AFC0062202D /* Main.storyboard in Resources */ = {isa = PBXBuildFile; fileRef = 396BABA5272E9AFC0062202D /* Main.storyboard */; };
		396BABA9272E9AFD0062202D /* Assets.xcassets in Resources */ = {isa = PBXBuildFile; fileRef = 396BABA8272E9AFD0062202D /* Assets.xcassets */; };
		396BABAC272E9AFD0062202D /* LaunchScreen.storyboard in Resources */ = {isa = PBXBuildFile; fileRef = 396BABAA272E9AFD0062202D /* LaunchScreen.storyboard */; };
		396BABAF272E9AFD0062202D /* main.m in Sources */ = {isa = PBXBuildFile; fileRef = 396BABAE272E9AFD0062202D /* main.m */; };
/* End PBXBuildFile section */

/* Begin PBXFileReference section */
		396BAB99272E9AFC0062202D /* RemindHouseLoan.app */ = {isa = PBXFileReference; explicitFileType = wrapper.application; includeInIndex = 0; path = RemindHouseLoan.app; sourceTree = BUILT_PRODUCTS_DIR; };
		396BAB9C272E9AFC0062202D /* AppDelegate.h */ = {isa = PBXFileReference; lastKnownFileType = sourcecode.c.h; path = AppDelegate.h; sourceTree = "<group>"; };
		396BAB9D272E9AFC0062202D /* AppDelegate.m */ = {isa = PBXFileReference; lastKnownFileType = sourcecode.c.objc; path = AppDelegate.m; sourceTree = "<group>"; };
		396BAB9F272E9AFC0062202D /* SceneDelegate.h */ = {isa = PBXFileReference; lastKnownFileType = sourcecode.c.h; path = SceneDelegate.h; sourceTree = "<group>"; };
		396BABA0272E9AFC0062202D /* SceneDelegate.m */ = {isa = PBXFileReference; lastKnownFileType = sourcecode.c.objc; path = SceneDelegate.m; sourceTree = "<group>"; };
		396BABA2272E9AFC0062202D /* ViewController.h */ = {isa = PBXFileReference; lastKnownFileType = sourcecode.c.h; path = ViewController.h; sourceTree = "<group>"; };
		396BABA3272E9AFC0062202D /* ViewController.m */ = {isa = PBXFileReference; lastKnownFileType = sourcecode.c.objc; path = ViewController.m; sourceTree = "<group>"; };
		396BABA6272E9AFC0062202D /* Base */ = {isa = PBXFileReference; lastKnownFileType = file.storyboard; name = Base; path = Base.lproj/Main.storyboard; sourceTree = "<group>"; };
		396BABA8272E9AFD0062202D /* Assets.xcassets */ = {isa = PBXFileReference; lastKnownFileType = folder.assetcatalog; path = Assets.xcassets; sourceTree = "<group>"; };
		396BABAB272E9AFD0062202D /* Base */ = {isa = PBXFileReference; lastKnownFileType = file.storyboard; name = Base; path = Base.lproj/LaunchScreen.storyboard; sourceTree = "<group>"; };
		396BABAD272E9AFD0062202D /* Info.plist */ = {isa = PBXFileReference; lastKnownFileType = text.plist.xml; path = Info.plist; sourceTree = "<group>"; };
		396BABAE272E9AFD0062202D /* main.m */ = {isa = PBXFileReference; lastKnownFileType = sourcecode.c.objc; path = main.m; sourceTree = "<group>"; };
/* End PBXFileReference section */

/* Begin PBXFrameworksBuildPhase section */
		396BAB96272E9AFC0062202D /* Frameworks */ = {
			isa = PBXFrameworksBuildPhase;
			buildActionMask = 2147483647;
			files = (
			);
			runOnlyForDeploymentPostprocessing = 0;
		};
/* End PBXFrameworksBuildPhase section */

/* Begin PBXGroup section */
		396BAB90272E9AFC0062202D = {
			isa = PBXGroup;
			children = (
				396BAB9B272E9AFC0062202D /* RemindHouseLoan */,
				396BAB9A272E9AFC0062202D /* Products */,
			);
			sourceTree = "<group>";
		};
		396BAB9A272E9AFC0062202D /* Products */ = {
			isa = PBXGroup;
			children = (
				396BAB99272E9AFC0062202D /* RemindHouseLoan.app */,
			);
			name = Products;
			sourceTree = "<group>";
		};
		396BAB9B272E9AFC0062202D /* RemindHouseLoan */ = {
			isa = PBXGroup;
			children = (
				396BAB9C272E9AFC0062202D /* AppDelegate.h */,
				396BAB9D272E9AFC0062202D /* AppDelegate.m */,
				396BAB9F272E9AFC0062202D /* SceneDelegate.h */,
				396BABA0272E9AFC0062202D /* SceneDelegate.m */,
				396BABA2272E9AFC0062202D /* ViewController.h */,
				396BABA3272E9AFC0062202D /* ViewController.m */,
				396BABA5272E9AFC0062202D /* Main.storyboard */,
				396BABA8272E9AFD0062202D /* Assets.xcassets */,
				396BABAA272E9AFD0062202D /* LaunchScreen.storyboard */,
				396BABAD272E9AFD0062202D /* Info.plist */,
				396BABAE272E9AFD0062202D /* main.m */,
			);
			path = RemindHouseLoan;
			sourceTree = "<group>";
		};
/* End PBXGroup section */

/* Begin PBXNativeTarget section */
		396BAB98272E9AFC0062202D /* RemindHouseLoan */ = {
			isa = PBXNativeTarget;
			buildConfigurationList = 396BABB2272E9AFD0062202D /* Build configuration list for PBXNativeTarget "RemindHouseLoan" */;
			buildPhases = (
				396BAB95272E9AFC0062202D /* Sources */,
				396BAB96272E9AFC0062202D /* Frameworks */,
				396BAB97272E9AFC0062202D /* Resources */,
			);
			buildRules = (
			);
			dependencies = (
			);
			name = RemindHouseLoan;
			productName = RemindHouseLoan;
			productReference = 396BAB99272E9AFC0062202D /* RemindHouseLoan.app */;
			productType = "com.apple.product-type.application";
		};
/* End PBXNativeTarget section */

/* Begin PBXProject section */
		396BAB91272E9AFC0062202D /* Project object */ = {
			isa = PBXProject;
			attributes = {
				BuildIndependentTargetsInParallel = 1;
				LastUpgradeCheck = 1310;
				TargetAttributes = {
					396BAB98272E9AFC0062202D = {
						CreatedOnToolsVersion = 13.1;
					};
				};
			};
			buildConfigurationList = 396BAB94272E9AFC0062202D /* Build configuration list for PBXProject "RemindHouseLoan" */;
			compatibilityVersion = "Xcode 13.0";
			developmentRegion = en;
			hasScannedForEncodings = 0;
			knownRegions = (
				en,
				Base,
			);
			mainGroup = 396BAB90272E9AFC0062202D;
			productRefGroup = 396BAB9A272E9AFC0062202D /* Products */;
			projectDirPath = "";
			projectRoot = "";
			targets = (
				396BAB98272E9AFC0062202D /* RemindHouseLoan */,
			);
		};
/* End PBXProject section */

/* Begin PBXResourcesBuildPhase section */
		396BAB97272E9AFC0062202D /* Resources */ = {
			isa = PBXResourcesBuildPhase;
			buildActionMask = 2147483647;
			files = (
				396BABAC272E9AFD0062202D /* LaunchScreen.storyboard in Resources */,
				396BABA9272E9AFD0062202D /* Assets.xcassets in Resources */,
				396BABA7272E9AFC0062202D /* Main.storyboard in Resources */,
			);
			runOnlyForDeploymentPostprocessing = 0;
		};
/* End PBXResourcesBuildPhase section */

/* Begin PBXSourcesBuildPhase section */
		396BAB95272E9AFC0062202D /* Sources */ = {
			isa = PBXSourcesBuildPhase;
			buildActionMask = 2147483647;
			files = (
				396BABA4272E9AFC0062202D /* ViewController.m in Sources */,
				396BAB9E272E9AFC0062202D /* AppDelegate.m in Sources */,
				396BABAF272E9AFD0062202D /* main.m in Sources */,
				396BABA1272E9AFC0062202D /* SceneDelegate.m in Sources */,
			);
			runOnlyForDeploymentPostprocessing = 0;
		};
/* End PBXSourcesBuildPhase section */

/* Begin PBXVariantGroup section */
		396BABA5272E9AFC0062202D /* Main.storyboard */ = {
			isa = PBXVariantGroup;
			children = (
				396BABA6272E9AFC0062202D /* Base */,
			);
			name = Main.storyboard;
			sourceTree = "<group>";
		};
		396BABAA272E9AFD0062202D /* LaunchScreen.storyboard */ = {
			isa = PBXVariantGroup;
			children = (
				396BABAB272E9AFD0062202D /* Base */,
			);
			name = LaunchScreen.storyboard;
			sourceTree = "<group>";
		};
/* End PBXVariantGroup section */

/* Begin XCBuildConfiguration section */
		396BABB0272E9AFD0062202D /* Debug */ = {
			isa = XCBuildConfiguration;
			buildSettings = {
				ALWAYS_SEARCH_USER_PATHS = NO;
				CLANG_ANALYZER_NONNULL = YES;
				CLANG_ANALYZER_NUMBER_OBJECT_CONVERSION = YES_AGGRESSIVE;
				CLANG_CXX_LANGUAGE_STANDARD = "gnu++17";
				CLANG_CXX_LIBRARY = "libc++";
				CLANG_ENABLE_MODULES = YES;
				CLANG_ENABLE_OBJC_ARC = YES;
				CLANG_ENABLE_OBJC_WEAK = YES;
				CLANG_WARN_BLOCK_CAPTURE_AUTORELEASING = YES;
				CLANG_WARN_BOOL_CONVERSION = YES;
				CLANG_WARN_COMMA = YES;
				CLANG_WARN_CONSTANT_CONVERSION = YES;
				CLANG_WARN_DEPRECATED_OBJC_IMPLEMENTATIONS = YES;
				CLANG_WARN_DIRECT_OBJC_ISA_USAGE = YES_ERROR;
				CLANG_WARN_DOCUMENTATION_COMMENTS = YES;
				CLANG_WARN_EMPTY_BODY = YES;
				CLANG_WARN_ENUM_CONVERSION = YES;
				CLANG_WARN_INFINITE_RECURSION = YES;
				CLANG_WARN_INT_CONVERSION = YES;
				CLANG_WARN_NON_LITERAL_NULL_CONVERSION = YES;
				CLANG_WARN_OBJC_IMPLICIT_RETAIN_SELF = YES;
				CLANG_WARN_OBJC_LITERAL_CONVERSION = YES;
				CLANG_WARN_OBJC_ROOT_CLASS = YES_ERROR;
				CLANG_WARN_QUOTED_INCLUDE_IN_FRAMEWORK_HEADER = YES;
				CLANG_WARN_RANGE_LOOP_ANALYSIS = YES;
				CLANG_WARN_STRICT_PROTOTYPES = YES;
				CLANG_WARN_SUSPICIOUS_MOVE = YES;
				CLANG_WARN_UNGUARDED_AVAILABILITY = YES_AGGRESSIVE;
				CLANG_WARN_UNREACHABLE_CODE = YES;
				CLANG_WARN__DUPLICATE_METHOD_MATCH = YES;
				COPY_PHASE_STRIP = NO;
				DEBUG_INFORMATION_FORMAT = dwarf;
				ENABLE_STRICT_OBJC_MSGSEND = YES;
				ENABLE_TESTABILITY = YES;
				GCC_C_LANGUAGE_STANDARD = gnu11;
				GCC_DYNAMIC_NO_PIC = NO;
				GCC_NO_COMMON_BLOCKS = YES;
				GCC_OPTIMIZATION_LEVEL = 0;
				GCC_PREPROCESSOR_DEFINITIONS = (
					"DEBUG=1",
					"$(inherited)",
				);
				GCC_WARN_64_TO_32_BIT_CONVERSION = YES;
				GCC_WARN_ABOUT_RETURN_TYPE = YES_ERROR;
				GCC_WARN_UNDECLARED_SELECTOR = YES;
				GCC_WARN_UNINITIALIZED_AUTOS = YES_AGGRESSIVE;
				GCC_WARN_UNUSED_FUNCTION = YES;
				GCC_WARN_UNUSED_VARIABLE = YES;
				IPHONEOS_DEPLOYMENT_TARGET = 15.0;
				MTL_ENABLE_DEBUG_INFO = INCLUDE_SOURCE;
				MTL_FAST_MATH = YES;
				ONLY_ACTIVE_ARCH = YES;
				SDKROOT = iphoneos;
			};
			name = Debug;
		};
		396BABB1272E9AFD0062202D /* Release */ = {
			isa = XCBuildConfiguration;
			buildSettings = {
				ALWAYS_SEARCH_USER_PATHS = NO;
				CLANG_ANALYZER_NONNULL = YES;
				CLANG_ANALYZER_NUMBER_OBJECT_CONVERSION = YES_AGGRESSIVE;
				CLANG_CXX_LANGUAGE_STANDARD = "gnu++17";
				CLANG_CXX_LIBRARY = "libc++";
				CLANG_ENABLE_MODULES = YES;
				CLANG_ENABLE_OBJC_ARC = YES;
				CLANG_ENABLE_OBJC_WEAK = YES;
				CLANG_WARN_BLOCK_CAPTURE_AUTORELEASING = YES;
				CLANG_WARN_BOOL_CONVERSION = YES;
				CLANG_WARN_COMMA = YES;
				CLANG_WARN_CONSTANT_CONVERSION = YES;
				CLANG_WARN_DEPRECATED_OBJC_IMPLEMENTATIONS = YES;
				CLANG_WARN_DIRECT_OBJC_ISA_USAGE = YES_ERROR;
				CLANG_WARN_DOCUMENTATION_COMMENTS = YES;
				CLANG_WARN_EMPTY_BODY = YES;
				CLANG_WARN_ENUM_CONVERSION = YES;
				CLANG_WARN_INFINITE_RECURSION = YES;
				CLANG_WARN_INT_CONVERSION = YES;
				CLANG_WARN_NON_LITERAL_NULL_CONVERSION = YES;
				CLANG_WARN_OBJC_IMPLICIT_RETAIN_SELF = YES;
				CLANG_WARN_OBJC_LITERAL_CONVERSION = YES;
				CLANG_WARN_OBJC_ROOT_CLASS = YES_ERROR;
				CLANG_WARN_QUOTED_INCLUDE_IN_FRAMEWORK_HEADER = YES;
				CLANG_WARN_RANGE_LOOP_ANALYSIS = YES;
				CLANG_WARN_STRICT_PROTOTYPES = YES;
				CLANG_WARN_SUSPICIOUS_MOVE = YES;
				CLANG_WARN_UNGUARDED_AVAILABILITY = YES_AGGRESSIVE;
				CLANG_WARN_UNREACHABLE_CODE = YES;
				CLANG_WARN__DUPLICATE_METHOD_MATCH = YES;
				COPY_PHASE_STRIP = NO;
				DEBUG_INFORMATION_FORMAT = "dwarf-with-dsym";
				ENABLE_NS_ASSERTIONS = NO;
				ENABLE_STRICT_OBJC_MSGSEND = YES;
				GCC_C_LANGUAGE_STANDARD = gnu11;
				GCC_NO_COMMON_BLOCKS = YES;
				GCC_WARN_64_TO_32_BIT_CONVERSION = YES;
				GCC_WARN_ABOUT_RETURN_TYPE = YES_ERROR;
				GCC_WARN_UNDECLARED_SELECTOR = YES;
				GCC_WARN_UNINITIALIZED_AUTOS = YES_AGGRESSIVE;
				GCC_WARN_UNUSED_FUNCTION = YES;
				GCC_WARN_UNUSED_VARIABLE = YES;
				IPHONEOS_DEPLOYMENT_TARGET = 15.0;
				MTL_ENABLE_DEBUG_INFO = NO;
				MTL_FAST_MATH = YES;
				SDKROOT = iphoneos;
				VALIDATE_PRODUCT = YES;
			};
			name = Release;
		};
		396BABB3272E9AFD0062202D /* Debug */ = {
			isa = XCBuildConfiguration;
			buildSettings = {
				ASSETCATALOG_COMPILER_APPICON_NAME = AppIcon;
				ASSETCATALOG_COMPILER_GLOBAL_ACCENT_COLOR_NAME = AccentColor;
				CODE_SIGN_STYLE = Automatic;
				CURRENT_PROJECT_VERSION = 1;
				DEVELOPMENT_TEAM = 6W5672AZ7N;
				GENERATE_INFOPLIST_FILE = YES;
				INFOPLIST_FILE = RemindHouseLoan/Info.plist;
				INFOPLIST_KEY_UIApplicationSupportsIndirectInputEvents = YES;
				INFOPLIST_KEY_UILaunchStoryboardName = LaunchScreen;
				INFOPLIST_KEY_UIMainStoryboardFile = Main;
				INFOPLIST_KEY_UISupportedInterfaceOrientations_iPad = "UIInterfaceOrientationPortrait UIInterfaceOrientationPortraitUpsideDown UIInterfaceOrientationLandscapeLeft UIInterfaceOrientationLandscapeRight";
				INFOPLIST_KEY_UISupportedInterfaceOrientations_iPhone = "UIInterfaceOrientationPortrait UIInterfaceOrientationLandscapeLeft UIInterfaceOrientationLandscapeRight";
				LD_RUNPATH_SEARCH_PATHS = (
					"$(inherited)",
					"@executable_path/Frameworks",
				);
				MARKETING_VERSION = 1.0;
				PRODUCT_BUNDLE_IDENTIFIER = ZYD.RemindHouseLoan;
				PRODUCT_NAME = "$(TARGET_NAME)";
				SWIFT_EMIT_LOC_STRINGS = YES;
				TARGETED_DEVICE_FAMILY = "1,2";
			};
			name = Debug;
		};
		396BABB4272E9AFD0062202D /* Release */ = {
			isa = XCBuildConfiguration;
			buildSettings = {
				ASSETCATALOG_COMPILER_APPICON_NAME = AppIcon;
				ASSETCATALOG_COMPILER_GLOBAL_ACCENT_COLOR_NAME = AccentColor;
				CODE_SIGN_STYLE = Automatic;
				CURRENT_PROJECT_VERSION = 1;
				DEVELOPMENT_TEAM = 6W5672AZ7N;
				GENERATE_INFOPLIST_FILE = YES;
				INFOPLIST_FILE = RemindHouseLoan/Info.plist;
				INFOPLIST_KEY_UIApplicationSupportsIndirectInputEvents = YES;
				INFOPLIST_KEY_UILaunchStoryboardName = LaunchScreen;
				INFOPLIST_KEY_UIMainStoryboardFile = Main;
				INFOPLIST_KEY_UISupportedInterfaceOrientations_iPad = "UIInterfaceOrientationPortrait UIInterfaceOrientationPortraitUpsideDown UIInterfaceOrientationLandscapeLeft UIInterfaceOrientationLandscapeRight";
				INFOPLIST_KEY_UISupportedInterfaceOrientations_iPhone = "UIInterfaceOrientationPortrait UIInterfaceOrientationLandscapeLeft UIInterfaceOrientationLandscapeRight";
				LD_RUNPATH_SEARCH_PATHS = (
					"$(inherited)",
					"@executable_path/Frameworks",
				);
				MARKETING_VERSION = 1.0;
				PRODUCT_BUNDLE_IDENTIFIER = ZYD.RemindHouseLoan;
				PRODUCT_NAME = "$(TARGET_NAME)";
				SWIFT_EMIT_LOC_STRINGS = YES;
				TARGETED_DEVICE_FAMILY = "1,2";
			};
			name = Release;
		};
/* End XCBuildConfiguration section */

/* Begin XCConfigurationList section */
		396BAB94272E9AFC0062202D /* Build configuration list for PBXProject "RemindHouseLoan" */ = {
			isa = XCConfigurationList;
			buildConfigurations = (
				396BABB0272E9AFD0062202D /* Debug */,
				396BABB1272E9AFD0062202D /* Release */,
			);
			defaultConfigurationIsVisible = 0;
			defaultConfigurationName = Release;
		};
		396BABB2272E9AFD0062202D /* Build configuration list for PBXNativeTarget "RemindHouseLoan" */ = {
			isa = XCConfigurationList;
			buildConfigurations = (
				396BABB3272E9AFD0062202D /* Debug */,
				396BABB4272E9AFD0062202D /* Release */,
			);
			defaultConfigurationIsVisible = 0;
			defaultConfigurationName = Release;
		};
/* End XCConfigurationList section */
	};
	rootObject = 396BAB91272E9AFC0062202D /* Project object */;
}
